
Microsoft Visual Studio Solution File, Format Version 12.00
# Visual Studio Version 17
VisualStudioVersion = 17.4.33403.182
MinimumVisualStudioVersion = 10.0.40219.1
Project("{FAE04EC0-301F-11D3-BF4B-00C04F79EFBC}") = "TestApp", "TestApp\TestApp.csproj", "{39BA01C2-8791-4B11-8BEF-663C7B957CE2}"
EndProject
Global
	GlobalSection(SolutionConfigurationPlatforms) = preSolution
		Debug|Any CPU = Debug|Any CPU
		Release|Any CPU = Release|Any CPU
	EndGlobalSection
	GlobalSection(ProjectConfigurationPlatforms) = postSolution
		{39BA01C2-8791-4B11-8BEF-663C7B957CE2}.Debug|Any CPU.ActiveCfg = Debug|Any CPU
		{39BA01C2-8791-4B11-8BEF-663C7B957CE2}.Debug|Any CPU.Build.0 = Debug|Any CPU
		{39BA01C2-8791-4B11-8BEF-663C7B957CE2}.Release|Any CPU.ActiveCfg = Release|Any CPU
		{39BA01C2-8791-4B11-8BEF-663C7B957CE2}.Release|Any CPU.Build.0 = Release|Any CPU
	EndGlobalSection
	GlobalSection(SolutionProperties) = preSolution
		HideSolutionNode = FALSE
	EndGlobalSection
	GlobalSection(ExtensibilityGlobals) = postSolution
		SolutionGuid = {32C4A7AF-5902-4510-9E1B-27611112B443}
	EndGlobalSection
EndGlobal
